
Microsoft Visual Studio Solution File, Format Version 12.00
# Visual Studio Version 16
VisualStudioVersion = 16.0.31624.102
MinimumVisualStudioVersion = 10.0.40219.1
Project("{FAE04EC0-301F-11D3-BF4B-00C04F79EFBC}") = "ConsoleApp1", "ConsoleApp1\ConsoleApp1.csproj", "{FDC0CB1D-7E78-4B62-BFB6-08F0162488EF}"
EndProject
Global
	GlobalSection(SolutionConfigurationPlatforms) = preSolution
		Debug|Any CPU = Debug|Any CPU
		Release|Any CPU = Release|Any CPU
	EndGlobalSection
	GlobalSection(ProjectConfigurationPlatforms) = postSolution
		{FDC0CB1D-7E78-4B62-BFB6-08F0162488EF}.Debug|Any CPU.ActiveCfg = Debug|Any CPU
		{FDC0CB1D-7E78-4B62-BFB6-08F0162488EF}.Debug|Any CPU.Build.0 = Debug|Any CPU
		{FDC0CB1D-7E78-4B62-BFB6-08F0162488EF}.Release|Any CPU.ActiveCfg = Release|Any CPU
		{FDC0CB1D-7E78-4B62-BFB6-08F0162488EF}.Release|Any CPU.Build.0 = Release|Any CPU
	EndGlobalSection
	GlobalSection(SolutionProperties) = preSolution
		HideSolutionNode = FALSE
	EndGlobalSection
	GlobalSection(ExtensibilityGlobals) = postSolution
		SolutionGuid = {C2B95737-939A-4293-A0DB-A73F4652FF3B}
	EndGlobalSection
EndGlobal
